
Microsoft Visual Studio Solution File, Format Version 12.00
# Visual Studio Version 16
VisualStudioVersion = 16.0.30204.135
MinimumVisualStudioVersion = 10.0.40219.1
Project("{FAE04EC0-301F-11D3-BF4B-00C04F79EFBC}") = "Practical1", "Practical1.csproj", "{5ECE7992-A0BD-4B02-8CC6-FFB525C9AE79}"
EndProject
Global
	GlobalSection(SolutionConfigurationPlatforms) = preSolution
		Debug|Any CPU = Debug|Any CPU
		Release|Any CPU = Release|Any CPU
	EndGlobalSection
	GlobalSection(ProjectConfigurationPlatforms) = postSolution
		{5ECE7992-A0BD-4B02-8CC6-FFB525C9AE79}.Debug|Any CPU.ActiveCfg = Debug|Any CPU
		{5ECE7992-A0BD-4B02-8CC6-FFB525C9AE79}.Debug|Any CPU.Build.0 = Debug|Any CPU
		{5ECE7992-A0BD-4B02-8CC6-FFB525C9AE79}.Release|Any CPU.ActiveCfg = Release|Any CPU
		{5ECE7992-A0BD-4B02-8CC6-FFB525C9AE79}.Release|Any CPU.Build.0 = Release|Any CPU
	EndGlobalSection
	GlobalSection(SolutionProperties) = preSolution
		HideSolutionNode = FALSE
	EndGlobalSection
	GlobalSection(ExtensibilityGlobals) = postSolution
		SolutionGuid = {3A402139-E79A-4B7A-A81A-67E1C1026022}
	EndGlobalSection
EndGlobal
